// !$*UTF8*$!
{
	archiveVersion = 1;
	classes = {
	};
	objectVersion = 51;
	objects = {

/* Begin PBXBuildFile section */
		8403865C26EC4DEA00B3F394 /* SearchView.swift in Sources */ = {isa = PBXBuildFile; fileRef = 8403865B26EC4DEA00B3F394 /* SearchView.swift */; };
		844EFE5E26EE17C2005E1A7A /* Favorite.xcdatamodeld in Sources */ = {isa = PBXBuildFile; fileRef = 844EFE5C26EE17C2005E1A7A /* Favorite.xcdatamodeld */; };
		844EFE6026EE28FA005E1A7A /* PersistenceController.swift in Sources */ = {isa = PBXBuildFile; fileRef = 844EFE5F26EE28FA005E1A7A /* PersistenceController.swift */; };
		845E9F2426F08908003EEB0F /* EditProfileView.swift in Sources */ = {isa = PBXBuildFile; fileRef = 845E9F2326F08908003EEB0F /* EditProfileView.swift */; };
		845E9F2626F08929003EEB0F /* ProfileViewModel.swift in Sources */ = {isa = PBXBuildFile; fileRef = 845E9F2526F08929003EEB0F /* ProfileViewModel.swift */; };
		845E9F2826F09693003EEB0F /* Profile.swift in Sources */ = {isa = PBXBuildFile; fileRef = 845E9F2726F09693003EEB0F /* Profile.swift */; };
		84A6E30926EF8B8B00EE64DB /* RAWG-Info.plist in Resources */ = {isa = PBXBuildFile; fileRef = 84A6E30826EF8B8B00EE64DB /* RAWG-Info.plist */; };
		84A6E30C26EFA93100EE64DB /* FavoriteViewModel.swift in Sources */ = {isa = PBXBuildFile; fileRef = 84A6E30B26EFA93100EE64DB /* FavoriteViewModel.swift */; };
		84F732B226EAFD95009AC8B4 /* GameCatalogueApp.swift in Sources */ = {isa = PBXBuildFile; fileRef = 84F732B126EAFD95009AC8B4 /* GameCatalogueApp.swift */; };
		84F732B426EAFD95009AC8B4 /* ContentView.swift in Sources */ = {isa = PBXBuildFile; fileRef = 84F732B326EAFD95009AC8B4 /* ContentView.swift */; };
		84F732B626EAFD98009AC8B4 /* Assets.xcassets in Resources */ = {isa = PBXBuildFile; fileRef = 84F732B526EAFD98009AC8B4 /* Assets.xcassets */; };
		84F732B926EAFD98009AC8B4 /* Preview Assets.xcassets in Resources */ = {isa = PBXBuildFile; fileRef = 84F732B826EAFD98009AC8B4 /* Preview Assets.xcassets */; };
		84F732C826EB02D6009AC8B4 /* NetworkService.swift in Sources */ = {isa = PBXBuildFile; fileRef = 84F732C726EB02D6009AC8B4 /* NetworkService.swift */; };
		84F732CA26EB02E4009AC8B4 /* NetworkManager.swift in Sources */ = {isa = PBXBuildFile; fileRef = 84F732C926EB02E4009AC8B4 /* NetworkManager.swift */; };
		84F732CD26EB0A18009AC8B4 /* GamesResponse.swift in Sources */ = {isa = PBXBuildFile; fileRef = 84F732CC26EB0A18009AC8B4 /* GamesResponse.swift */; };
		84F732CF26EB0D52009AC8B4 /* GamesViewModel.swift in Sources */ = {isa = PBXBuildFile; fileRef = 84F732CE26EB0D52009AC8B4 /* GamesViewModel.swift */; };
		84F732D126EB40BC009AC8B4 /* DetailGamesResponse.swift in Sources */ = {isa = PBXBuildFile; fileRef = 84F732D026EB40BC009AC8B4 /* DetailGamesResponse.swift */; };
		84F732D426EB526C009AC8B4 /* CustomView.swift in Sources */ = {isa = PBXBuildFile; fileRef = 84F732D326EB526C009AC8B4 /* CustomView.swift */; };
		84F732D626EB52DF009AC8B4 /* noConnection.json in Resources */ = {isa = PBXBuildFile; fileRef = 84F732D526EB52DF009AC8B4 /* noConnection.json */; };
		84F732D926EB53E1009AC8B4 /* FavoriteView.swift in Sources */ = {isa = PBXBuildFile; fileRef = 84F732D826EB53E1009AC8B4 /* FavoriteView.swift */; };
		84F732DB26EB53E9009AC8B4 /* DetailView.swift in Sources */ = {isa = PBXBuildFile; fileRef = 84F732DA26EB53E9009AC8B4 /* DetailView.swift */; };
		84F732DD26EB53F2009AC8B4 /* ProfileView.swift in Sources */ = {isa = PBXBuildFile; fileRef = 84F732DC26EB53F2009AC8B4 /* ProfileView.swift */; };
		84F732DF26EB540C009AC8B4 /* ItemView.swift in Sources */ = {isa = PBXBuildFile; fileRef = 84F732DE26EB540C009AC8B4 /* ItemView.swift */; };
		84F732E126EB69D6009AC8B4 /* HomeView.swift in Sources */ = {isa = PBXBuildFile; fileRef = 84F732E026EB69D6009AC8B4 /* HomeView.swift */; };
		C1AC209B344B4AB9CEC846C1 /* Pods_GameCatalogue.framework in Frameworks */ = {isa = PBXBuildFile; fileRef = 90BD0710C09E9134CF0A9770 /* Pods_GameCatalogue.framework */; };
/* End PBXBuildFile section */

/* Begin PBXFileReference section */
		8403865B26EC4DEA00B3F394 /* SearchView.swift */ = {isa = PBXFileReference; lastKnownFileType = sourcecode.swift; path = SearchView.swift; sourceTree = "<group>"; };
		844EFE5D26EE17C2005E1A7A /* Favorite.xcdatamodel */ = {isa = PBXFileReference; lastKnownFileType = wrapper.xcdatamodel; path = Favorite.xcdatamodel; sourceTree = "<group>"; };
		844EFE5F26EE28FA005E1A7A /* PersistenceController.swift */ = {isa = PBXFileReference; lastKnownFileType = sourcecode.swift; path = PersistenceController.swift; sourceTree = "<group>"; };
		845E9F2326F08908003EEB0F /* EditProfileView.swift */ = {isa = PBXFileReference; lastKnownFileType = sourcecode.swift; path = EditProfileView.swift; sourceTree = "<group>"; };
		845E9F2526F08929003EEB0F /* ProfileViewModel.swift */ = {isa = PBXFileReference; lastKnownFileType = sourcecode.swift; path = ProfileViewModel.swift; sourceTree = "<group>"; };
		845E9F2726F09693003EEB0F /* Profile.swift */ = {isa = PBXFileReference; lastKnownFileType = sourcecode.swift; path = Profile.swift; sourceTree = "<group>"; };
		84A6E30826EF8B8B00EE64DB /* RAWG-Info.plist */ = {isa = PBXFileReference; lastKnownFileType = text.plist.xml; path = "RAWG-Info.plist"; sourceTree = "<group>"; };
		84A6E30B26EFA93100EE64DB /* FavoriteViewModel.swift */ = {isa = PBXFileReference; lastKnownFileType = sourcecode.swift; path = FavoriteViewModel.swift; sourceTree = "<group>"; };
		84F732AE26EAFD95009AC8B4 /* GameCatalogue.app */ = {isa = PBXFileReference; explicitFileType = wrapper.application; includeInIndex = 0; path = GameCatalogue.app; sourceTree = BUILT_PRODUCTS_DIR; };
		84F732B126EAFD95009AC8B4 /* GameCatalogueApp.swift */ = {isa = PBXFileReference; lastKnownFileType = sourcecode.swift; path = GameCatalogueApp.swift; sourceTree = "<group>"; };
		84F732B326EAFD95009AC8B4 /* ContentView.swift */ = {isa = PBXFileReference; lastKnownFileType = sourcecode.swift; path = ContentView.swift; sourceTree = "<group>"; };
		84F732B526EAFD98009AC8B4 /* Assets.xcassets */ = {isa = PBXFileReference; lastKnownFileType = folder.assetcatalog; path = Assets.xcassets; sourceTree = "<group>"; };
		84F732B826EAFD98009AC8B4 /* Preview Assets.xcassets */ = {isa = PBXFileReference; lastKnownFileType = folder.assetcatalog; path = "Preview Assets.xcassets"; sourceTree = "<group>"; };
		84F732BA26EAFD98009AC8B4 /* Info.plist */ = {isa = PBXFileReference; lastKnownFileType = text.plist.xml; path = Info.plist; sourceTree = "<group>"; };
		84F732C726EB02D6009AC8B4 /* NetworkService.swift */ = {isa = PBXFileReference; lastKnownFileType = sourcecode.swift; path = NetworkService.swift; sourceTree = "<group>"; };
		84F732C926EB02E4009AC8B4 /* NetworkManager.swift */ = {isa = PBXFileReference; lastKnownFileType = sourcecode.swift; path = NetworkManager.swift; sourceTree = "<group>"; };
		84F732CC26EB0A18009AC8B4 /* GamesResponse.swift */ = {isa = PBXFileReference; lastKnownFileType = sourcecode.swift; path = GamesResponse.swift; sourceTree = "<group>"; };
		84F732CE26EB0D52009AC8B4 /* GamesViewModel.swift */ = {isa = PBXFileReference; lastKnownFileType = sourcecode.swift; path = GamesViewModel.swift; sourceTree = "<group>"; };
		84F732D026EB40BC009AC8B4 /* DetailGamesResponse.swift */ = {isa = PBXFileReference; lastKnownFileType = sourcecode.swift; path = DetailGamesResponse.swift; sourceTree = "<group>"; };
		84F732D326EB526C009AC8B4 /* CustomView.swift */ = {isa = PBXFileReference; lastKnownFileType = sourcecode.swift; path = CustomView.swift; sourceTree = "<group>"; };
		84F732D526EB52DF009AC8B4 /* noConnection.json */ = {isa = PBXFileReference; fileEncoding = 4; lastKnownFileType = text.json; path = noConnection.json; sourceTree = "<group>"; };
		84F732D826EB53E1009AC8B4 /* FavoriteView.swift */ = {isa = PBXFileReference; lastKnownFileType = sourcecode.swift; path = FavoriteView.swift; sourceTree = "<group>"; };
		84F732DA26EB53E9009AC8B4 /* DetailView.swift */ = {isa = PBXFileReference; lastKnownFileType = sourcecode.swift; path = DetailView.swift; sourceTree = "<group>"; };
		84F732DC26EB53F2009AC8B4 /* ProfileView.swift */ = {isa = PBXFileReference; lastKnownFileType = sourcecode.swift; path = ProfileView.swift; sourceTree = "<group>"; };
		84F732DE26EB540C009AC8B4 /* ItemView.swift */ = {isa = PBXFileReference; lastKnownFileType = sourcecode.swift; path = ItemView.swift; sourceTree = "<group>"; };
		84F732E026EB69D6009AC8B4 /* HomeView.swift */ = {isa = PBXFileReference; lastKnownFileType = sourcecode.swift; path = HomeView.swift; sourceTree = "<group>"; };
		90BD0710C09E9134CF0A9770 /* Pods_GameCatalogue.framework */ = {isa = PBXFileReference; explicitFileType = wrapper.framework; includeInIndex = 0; path = Pods_GameCatalogue.framework; sourceTree = BUILT_PRODUCTS_DIR; };
		C8272C67D50108B48368D17F /* Pods-GameCatalogue.release.xcconfig */ = {isa = PBXFileReference; includeInIndex = 1; lastKnownFileType = text.xcconfig; name = "Pods-GameCatalogue.release.xcconfig"; path = "Target Support Files/Pods-GameCatalogue/Pods-GameCatalogue.release.xcconfig"; sourceTree = "<group>"; };
		CB5DCD35131AA0B7AE76F8AB /* Pods-GameCatalogue.debug.xcconfig */ = {isa = PBXFileReference; includeInIndex = 1; lastKnownFileType = text.xcconfig; name = "Pods-GameCatalogue.debug.xcconfig"; path = "Target Support Files/Pods-GameCatalogue/Pods-GameCatalogue.debug.xcconfig"; sourceTree = "<group>"; };
/* End PBXFileReference section */

/* Begin PBXFrameworksBuildPhase section */
		84F732AB26EAFD95009AC8B4 /* Frameworks */ = {
			isa = PBXFrameworksBuildPhase;
			buildActionMask = 2147483647;
			files = (
				C1AC209B344B4AB9CEC846C1 /* Pods_GameCatalogue.framework in Frameworks */,
			);
			runOnlyForDeploymentPostprocessing = 0;
		};
/* End PBXFrameworksBuildPhase section */

/* Begin PBXGroup section */
		428E3D0416306DB6874BAE58 /* Pods */ = {
			isa = PBXGroup;
			children = (
				CB5DCD35131AA0B7AE76F8AB /* Pods-GameCatalogue.debug.xcconfig */,
				C8272C67D50108B48368D17F /* Pods-GameCatalogue.release.xcconfig */,
			);
			path = Pods;
			sourceTree = "<group>";
		};
		844EFE6126EE3531005E1A7A /* Data */ = {
			isa = PBXGroup;
			children = (
				84F732C026EAFDD0009AC8B4 /* Network */,
				844EFE6226EE3537005E1A7A /* Db */,
			);
			path = Data;
			sourceTree = "<group>";
		};
		844EFE6226EE3537005E1A7A /* Db */ = {
			isa = PBXGroup;
			children = (
				844EFE5F26EE28FA005E1A7A /* PersistenceController.swift */,
				844EFE5C26EE17C2005E1A7A /* Favorite.xcdatamodeld */,
			);
			path = Db;
			sourceTree = "<group>";
		};
		84F732A526EAFD95009AC8B4 = {
			isa = PBXGroup;
			children = (
				84F732B026EAFD95009AC8B4 /* GameCatalogue */,
				84F732AF26EAFD95009AC8B4 /* Products */,
				428E3D0416306DB6874BAE58 /* Pods */,
				F34D02C3851AA9A74B4491DA /* Frameworks */,
			);
			sourceTree = "<group>";
		};
		84F732AF26EAFD95009AC8B4 /* Products */ = {
			isa = PBXGroup;
			children = (
				84F732AE26EAFD95009AC8B4 /* GameCatalogue.app */,
			);
			name = Products;
			sourceTree = "<group>";
		};
		84F732B026EAFD95009AC8B4 /* GameCatalogue */ = {
			isa = PBXGroup;
			children = (
				84A6E30826EF8B8B00EE64DB /* RAWG-Info.plist */,
				844EFE6126EE3531005E1A7A /* Data */,
				84F732C626EAFE08009AC8B4 /* App */,
				84F732C526EAFDF7009AC8B4 /* SuportingFiles */,
				84F732C426EAFDEA009AC8B4 /* Model */,
				84F732C326EAFDE2009AC8B4 /* ViewModel */,
				84F732C226EAFDDD009AC8B4 /* View */,
				84F732B726EAFD98009AC8B4 /* Preview Content */,
			);
			path = GameCatalogue;
			sourceTree = "<group>";
		};
		84F732B726EAFD98009AC8B4 /* Preview Content */ = {
			isa = PBXGroup;
			children = (
				84F732B826EAFD98009AC8B4 /* Preview Assets.xcassets */,
			);
			path = "Preview Content";
			sourceTree = "<group>";
		};
		84F732C026EAFDD0009AC8B4 /* Network */ = {
			isa = PBXGroup;
			children = (
				84F732C726EB02D6009AC8B4 /* NetworkService.swift */,
				84F732C926EB02E4009AC8B4 /* NetworkManager.swift */,
			);
			path = Network;
			sourceTree = "<group>";
		};
		84F732C226EAFDDD009AC8B4 /* View */ = {
			isa = PBXGroup;
			children = (
				84F732D226EB5216009AC8B4 /* Components */,
				84F732B326EAFD95009AC8B4 /* ContentView.swift */,
				84F732D826EB53E1009AC8B4 /* FavoriteView.swift */,
				84F732DA26EB53E9009AC8B4 /* DetailView.swift */,
				84F732DC26EB53F2009AC8B4 /* ProfileView.swift */,
				84F732E026EB69D6009AC8B4 /* HomeView.swift */,
				8403865B26EC4DEA00B3F394 /* SearchView.swift */,
				845E9F2326F08908003EEB0F /* EditProfileView.swift */,
			);
			path = View;
			sourceTree = "<group>";
		};
		84F732C326EAFDE2009AC8B4 /* ViewModel */ = {
			isa = PBXGroup;
			children = (
				84F732CE26EB0D52009AC8B4 /* GamesViewModel.swift */,
				84A6E30B26EFA93100EE64DB /* FavoriteViewModel.swift */,
				845E9F2526F08929003EEB0F /* ProfileViewModel.swift */,
			);
			path = ViewModel;
			sourceTree = "<group>";
		};
		84F732C426EAFDEA009AC8B4 /* Model */ = {
			isa = PBXGroup;
			children = (
				84F732CC26EB0A18009AC8B4 /* GamesResponse.swift */,
				84F732D026EB40BC009AC8B4 /* DetailGamesResponse.swift */,
				845E9F2726F09693003EEB0F /* Profile.swift */,
			);
			path = Model;
			sourceTree = "<group>";
		};
		84F732C526EAFDF7009AC8B4 /* SuportingFiles */ = {
			isa = PBXGroup;
			children = (
				84F732BA26EAFD98009AC8B4 /* Info.plist */,
				84F732D726EB52F4009AC8B4 /* Lootie */,
				84F732B526EAFD98009AC8B4 /* Assets.xcassets */,
			);
			path = SuportingFiles;
			sourceTree = "<group>";
		};
		84F732C626EAFE08009AC8B4 /* App */ = {
			isa = PBXGroup;
			children = (
				84F732B126EAFD95009AC8B4 /* GameCatalogueApp.swift */,
			);
			path = App;
			sourceTree = "<group>";
		};
		84F732D226EB5216009AC8B4 /* Components */ = {
			isa = PBXGroup;
			children = (
				84F732D326EB526C009AC8B4 /* CustomView.swift */,
				84F732DE26EB540C009AC8B4 /* ItemView.swift */,
			);
			path = Components;
			sourceTree = "<group>";
		};
		84F732D726EB52F4009AC8B4 /* Lootie */ = {
			isa = PBXGroup;
			children = (
				84F732D526EB52DF009AC8B4 /* noConnection.json */,
			);
			path = Lootie;
			sourceTree = "<group>";
		};
		F34D02C3851AA9A74B4491DA /* Frameworks */ = {
			isa = PBXGroup;
			children = (
				90BD0710C09E9134CF0A9770 /* Pods_GameCatalogue.framework */,
			);
			name = Frameworks;
			sourceTree = "<group>";
		};
/* End PBXGroup section */

/* Begin PBXNativeTarget section */
		84F732AD26EAFD95009AC8B4 /* GameCatalogue */ = {
			isa = PBXNativeTarget;
			buildConfigurationList = 84F732BD26EAFD98009AC8B4 /* Build configuration list for PBXNativeTarget "GameCatalogue" */;
			buildPhases = (
				D690690D603E169157987E97 /* [CP] Check Pods Manifest.lock */,
				848D668B26EF1CE500728C20 /* Run SwiftLInt */,
				84F732AA26EAFD95009AC8B4 /* Sources */,
				84F732AB26EAFD95009AC8B4 /* Frameworks */,
				84F732AC26EAFD95009AC8B4 /* Resources */,
				D31A881930B639C70B59E95D /* [CP] Embed Pods Frameworks */,
				84A6E30A26EF8EFE00EE64DB /* Run RAWG-Plist */,
			);
			buildRules = (
			);
			dependencies = (
			);
			name = GameCatalogue;
			productName = GameCatalogue;
			productReference = 84F732AE26EAFD95009AC8B4 /* GameCatalogue.app */;
			productType = "com.apple.product-type.application";
		};
/* End PBXNativeTarget section */

/* Begin PBXProject section */
		84F732A626EAFD95009AC8B4 /* Project object */ = {
			isa = PBXProject;
			attributes = {
				LastSwiftUpdateCheck = 1250;
				LastUpgradeCheck = 1250;
				TargetAttributes = {
					84F732AD26EAFD95009AC8B4 = {
						CreatedOnToolsVersion = 12.5.1;
					};
				};
			};
			buildConfigurationList = 84F732A926EAFD95009AC8B4 /* Build configuration list for PBXProject "GameCatalogue" */;
			compatibilityVersion = "Xcode 9.3";
			developmentRegion = en;
			hasScannedForEncodings = 0;
			knownRegions = (
				en,
				Base,
			);
			mainGroup = 84F732A526EAFD95009AC8B4;
			productRefGroup = 84F732AF26EAFD95009AC8B4 /* Products */;
			projectDirPath = "";
			projectRoot = "";
			targets = (
				84F732AD26EAFD95009AC8B4 /* GameCatalogue */,
			);
		};
/* End PBXProject section */

/* Begin PBXResourcesBuildPhase section */
		84F732AC26EAFD95009AC8B4 /* Resources */ = {
			isa = PBXResourcesBuildPhase;
			buildActionMask = 2147483647;
			files = (
				84A6E30926EF8B8B00EE64DB /* RAWG-Info.plist in Resources */,
				84F732D626EB52DF009AC8B4 /* noConnection.json in Resources */,
				84F732B926EAFD98009AC8B4 /* Preview Assets.xcassets in Resources */,
				84F732B626EAFD98009AC8B4 /* Assets.xcassets in Resources */,
			);
			runOnlyForDeploymentPostprocessing = 0;
		};
/* End PBXResourcesBuildPhase section */

/* Begin PBXShellScriptBuildPhase section */
		848D668B26EF1CE500728C20 /* Run SwiftLInt */ = {
			isa = PBXShellScriptBuildPhase;
			buildActionMask = 12;
			files = (
			);
			inputFileListPaths = (
			);
			inputPaths = (
			);
			name = "Run SwiftLInt";
			outputFileListPaths = (
			);
			outputPaths = (
			);
			runOnlyForDeploymentPostprocessing = 0;
			shellPath = /bin/sh;
			shellScript = " Type a script or drag a script file from your workspace to insert its path.\nif which swiftlint >/dev/null; then\n    swiftlint\nelse\n  echo \"warning: SwiftLint not installed, download from https://github.com/realm/SwiftLint\"\nfi\n";
		};
		84A6E30A26EF8EFE00EE64DB /* Run RAWG-Plist */ = {
			isa = PBXShellScriptBuildPhase;
			buildActionMask = 2147483647;
			files = (
			);
			inputFileListPaths = (
			);
			inputPaths = (
			);
			name = "Run RAWG-Plist";
			outputFileListPaths = (
			);
			outputPaths = (
			);
			runOnlyForDeploymentPostprocessing = 0;
			shellPath = /bin/sh;
			shellScript = "# Type a script or drag a script file from your workspace to insert its path.\nCONFIG_FILE_BASE_NAME=\"RAWG-Info\"\nCONFIG_FILE_NAME=${CONFIG_FILE_BASE_NAME}.plist\nSAMPLE_CONFIG_FILE_NAME=${CONFIG_FILE_BASE_NAME}-Sample.plist\nCONFIG_FILE_PATH=$SRCROOT/$PRODUCT_NAME/$CONFIG_FILE_NAME\nSAMPLE_CONFIG_FILE_PATH=$SRCROOT/$PRODUCT_NAME/$SAMPLE_CONFIG_FILE_NAME\nif [ -f \"$CONFIG_FILE_PATH\" ]; then\n  echo \"$CONFIG_FILE_PATH exists.\"\nelse\n  echo \"$CONFIG_FILE_PATH does not exist, copying sample\"\n  cp -v \"${SAMPLE_CONFIG_FILE_PATH}\" \"${CONFIG_FILE_PATH}\"\nfi\n";
		};
		D31A881930B639C70B59E95D /* [CP] Embed Pods Frameworks */ = {
			isa = PBXShellScriptBuildPhase;
			buildActionMask = 2147483647;
			files = (
			);
			inputFileListPaths = (
				"${PODS_ROOT}/Target Support Files/Pods-GameCatalogue/Pods-GameCatalogue-frameworks-${CONFIGURATION}-input-files.xcfilelist",
			);
			name = "[CP] Embed Pods Frameworks";
			outputFileListPaths = (
				"${PODS_ROOT}/Target Support Files/Pods-GameCatalogue/Pods-GameCatalogue-frameworks-${CONFIGURATION}-output-files.xcfilelist",
			);
			runOnlyForDeploymentPostprocessing = 0;
			shellPath = /bin/sh;
			shellScript = "\"${PODS_ROOT}/Target Support Files/Pods-GameCatalogue/Pods-GameCatalogue-frameworks.sh\"\n";
			showEnvVarsInLog = 0;
		};
		D690690D603E169157987E97 /* [CP] Check Pods Manifest.lock */ = {
			isa = PBXShellScriptBuildPhase;
			buildActionMask = 2147483647;
			files = (
			);
			inputFileListPaths = (
			);
			inputPaths = (
				"${PODS_PODFILE_DIR_PATH}/Podfile.lock",
				"${PODS_ROOT}/Manifest.lock",
			);
			name = "[CP] Check Pods Manifest.lock";
			outputFileListPaths = (
			);
			outputPaths = (
				"$(DERIVED_FILE_DIR)/Pods-GameCatalogue-checkManifestLockResult.txt",
			);
			runOnlyForDeploymentPostprocessing = 0;
			shellPath = /bin/sh;
			shellScript = "diff \"${PODS_PODFILE_DIR_PATH}/Podfile.lock\" \"${PODS_ROOT}/Manifest.lock\" > /dev/null\nif [ $? != 0 ] ; then\n    # print error to STDERR\n    echo \"error: The sandbox is not in sync with the Podfile.lock. Run 'pod install' or update your CocoaPods installation.\" >&2\n    exit 1\nfi\n# This output is used by Xcode 'outputs' to avoid re-running this script phase.\necho \"SUCCESS\" > \"${SCRIPT_OUTPUT_FILE_0}\"\n";
			showEnvVarsInLog = 0;
		};
/* End PBXShellScriptBuildPhase section */

/* Begin PBXSourcesBuildPhase section */
		84F732AA26EAFD95009AC8B4 /* Sources */ = {
			isa = PBXSourcesBuildPhase;
			buildActionMask = 2147483647;
			files = (
				845E9F2426F08908003EEB0F /* EditProfileView.swift in Sources */,
				845E9F2826F09693003EEB0F /* Profile.swift in Sources */,
				845E9F2626F08929003EEB0F /* ProfileViewModel.swift in Sources */,
				84F732CD26EB0A18009AC8B4 /* GamesResponse.swift in Sources */,
				84F732D426EB526C009AC8B4 /* CustomView.swift in Sources */,
				844EFE6026EE28FA005E1A7A /* PersistenceController.swift in Sources */,
				84F732E126EB69D6009AC8B4 /* HomeView.swift in Sources */,
				84F732CA26EB02E4009AC8B4 /* NetworkManager.swift in Sources */,
				84F732DB26EB53E9009AC8B4 /* DetailView.swift in Sources */,
				84F732D126EB40BC009AC8B4 /* DetailGamesResponse.swift in Sources */,
				84F732CF26EB0D52009AC8B4 /* GamesViewModel.swift in Sources */,
				84F732B426EAFD95009AC8B4 /* ContentView.swift in Sources */,
				84F732DF26EB540C009AC8B4 /* ItemView.swift in Sources */,
				84F732C826EB02D6009AC8B4 /* NetworkService.swift in Sources */,
				8403865C26EC4DEA00B3F394 /* SearchView.swift in Sources */,
				84F732D926EB53E1009AC8B4 /* FavoriteView.swift in Sources */,
				84A6E30C26EFA93100EE64DB /* FavoriteViewModel.swift in Sources */,
				84F732DD26EB53F2009AC8B4 /* ProfileView.swift in Sources */,
				844EFE5E26EE17C2005E1A7A /* Favorite.xcdatamodeld in Sources */,
				84F732B226EAFD95009AC8B4 /* GameCatalogueApp.swift in Sources */,
			);
			runOnlyForDeploymentPostprocessing = 0;
		};
/* End PBXSourcesBuildPhase section */

/* Begin XCBuildConfiguration section */
		84F732BB26EAFD98009AC8B4 /* Debug */ = {
			isa = XCBuildConfiguration;
			buildSettings = {
				ALWAYS_SEARCH_USER_PATHS = NO;
				CLANG_ANALYZER_NONNULL = YES;
				CLANG_ANALYZER_NUMBER_OBJECT_CONVERSION = YES_AGGRESSIVE;
				CLANG_CXX_LANGUAGE_STANDARD = "gnu++14";
				CLANG_CXX_LIBRARY = "libc++";
				CLANG_ENABLE_MODULES = YES;
				CLANG_ENABLE_OBJC_ARC = YES;
				CLANG_ENABLE_OBJC_WEAK = YES;
				CLANG_WARN_BLOCK_CAPTURE_AUTORELEASING = YES;
				CLANG_WARN_BOOL_CONVERSION = YES;
				CLANG_WARN_COMMA = YES;
				CLANG_WARN_CONSTANT_CONVERSION = YES;
				CLANG_WARN_DEPRECATED_OBJC_IMPLEMENTATIONS = YES;
				CLANG_WARN_DIRECT_OBJC_ISA_USAGE = YES_ERROR;
				CLANG_WARN_DOCUMENTATION_COMMENTS = YES;
				CLANG_WARN_EMPTY_BODY = YES;
				CLANG_WARN_ENUM_CONVERSION = YES;
				CLANG_WARN_INFINITE_RECURSION = YES;
				CLANG_WARN_INT_CONVERSION = YES;
				CLANG_WARN_NON_LITERAL_NULL_CONVERSION = YES;
				CLANG_WARN_OBJC_IMPLICIT_RETAIN_SELF = YES;
				CLANG_WARN_OBJC_LITERAL_CONVERSION = YES;
				CLANG_WARN_OBJC_ROOT_CLASS = YES_ERROR;
				CLANG_WARN_QUOTED_INCLUDE_IN_FRAMEWORK_HEADER = YES;
				CLANG_WARN_RANGE_LOOP_ANALYSIS = YES;
				CLANG_WARN_STRICT_PROTOTYPES = YES;
				CLANG_WARN_SUSPICIOUS_MOVE = YES;
				CLANG_WARN_UNGUARDED_AVAILABILITY = YES_AGGRESSIVE;
				CLANG_WARN_UNREACHABLE_CODE = YES;
				CLANG_WARN__DUPLICATE_METHOD_MATCH = YES;
				COPY_PHASE_STRIP = NO;
				DEBUG_INFORMATION_FORMAT = dwarf;
				ENABLE_STRICT_OBJC_MSGSEND = YES;
				ENABLE_TESTABILITY = YES;
				GCC_C_LANGUAGE_STANDARD = gnu11;
				GCC_DYNAMIC_NO_PIC = NO;
				GCC_NO_COMMON_BLOCKS = YES;
				GCC_OPTIMIZATION_LEVEL = 0;
				GCC_PREPROCESSOR_DEFINITIONS = (
					"DEBUG=1",
					"$(inherited)",
				);
				GCC_WARN_64_TO_32_BIT_CONVERSION = YES;
				GCC_WARN_ABOUT_RETURN_TYPE = YES_ERROR;
				GCC_WARN_UNDECLARED_SELECTOR = YES;
				GCC_WARN_UNINITIALIZED_AUTOS = YES_AGGRESSIVE;
				GCC_WARN_UNUSED_FUNCTION = YES;
				GCC_WARN_UNUSED_VARIABLE = YES;
				IPHONEOS_DEPLOYMENT_TARGET = 14.5;
				MTL_ENABLE_DEBUG_INFO = INCLUDE_SOURCE;
				MTL_FAST_MATH = YES;
				ONLY_ACTIVE_ARCH = YES;
				SDKROOT = iphoneos;
				SWIFT_ACTIVE_COMPILATION_CONDITIONS = DEBUG;
				SWIFT_OPTIMIZATION_LEVEL = "-Onone";
			};
			name = Debug;
		};
		84F732BC26EAFD98009AC8B4 /* Release */ = {
			isa = XCBuildConfiguration;
			buildSettings = {
				ALWAYS_SEARCH_USER_PATHS = NO;
				CLANG_ANALYZER_NONNULL = YES;
				CLANG_ANALYZER_NUMBER_OBJECT_CONVERSION = YES_AGGRESSIVE;
				CLANG_CXX_LANGUAGE_STANDARD = "gnu++14";
				CLANG_CXX_LIBRARY = "libc++";
				CLANG_ENABLE_MODULES = YES;
				CLANG_ENABLE_OBJC_ARC = YES;
				CLANG_ENABLE_OBJC_WEAK = YES;
				CLANG_WARN_BLOCK_CAPTURE_AUTORELEASING = YES;
				CLANG_WARN_BOOL_CONVERSION = YES;
				CLANG_WARN_COMMA = YES;
				CLANG_WARN_CONSTANT_CONVERSION = YES;
				CLANG_WARN_DEPRECATED_OBJC_IMPLEMENTATIONS = YES;
				CLANG_WARN_DIRECT_OBJC_ISA_USAGE = YES_ERROR;
				CLANG_WARN_DOCUMENTATION_COMMENTS = YES;
				CLANG_WARN_EMPTY_BODY = YES;
				CLANG_WARN_ENUM_CONVERSION = YES;
				CLANG_WARN_INFINITE_RECURSION = YES;
				CLANG_WARN_INT_CONVERSION = YES;
				CLANG_WARN_NON_LITERAL_NULL_CONVERSION = YES;
				CLANG_WARN_OBJC_IMPLICIT_RETAIN_SELF = YES;
				CLANG_WARN_OBJC_LITERAL_CONVERSION = YES;
				CLANG_WARN_OBJC_ROOT_CLASS = YES_ERROR;
				CLANG_WARN_QUOTED_INCLUDE_IN_FRAMEWORK_HEADER = YES;
				CLANG_WARN_RANGE_LOOP_ANALYSIS = YES;
				CLANG_WARN_STRICT_PROTOTYPES = YES;
				CLANG_WARN_SUSPICIOUS_MOVE = YES;
				CLANG_WARN_UNGUARDED_AVAILABILITY = YES_AGGRESSIVE;
				CLANG_WARN_UNREACHABLE_CODE = YES;
				CLANG_WARN__DUPLICATE_METHOD_MATCH = YES;
				COPY_PHASE_STRIP = NO;
				DEBUG_INFORMATION_FORMAT = "dwarf-with-dsym";
				ENABLE_NS_ASSERTIONS = NO;
				ENABLE_STRICT_OBJC_MSGSEND = YES;
				GCC_C_LANGUAGE_STANDARD = gnu11;
				GCC_NO_COMMON_BLOCKS = YES;
				GCC_WARN_64_TO_32_BIT_CONVERSION = YES;
				GCC_WARN_ABOUT_RETURN_TYPE = YES_ERROR;
				GCC_WARN_UNDECLARED_SELECTOR = YES;
				GCC_WARN_UNINITIALIZED_AUTOS = YES_AGGRESSIVE;
				GCC_WARN_UNUSED_FUNCTION = YES;
				GCC_WARN_UNUSED_VARIABLE = YES;
				IPHONEOS_DEPLOYMENT_TARGET = 14.5;
				MTL_ENABLE_DEBUG_INFO = NO;
				MTL_FAST_MATH = YES;
				SDKROOT = iphoneos;
				SWIFT_COMPILATION_MODE = wholemodule;
				SWIFT_OPTIMIZATION_LEVEL = "-O";
				VALIDATE_PRODUCT = YES;
			};
			name = Release;
		};
		84F732BE26EAFD98009AC8B4 /* Debug */ = {
			isa = XCBuildConfiguration;
			baseConfigurationReference = CB5DCD35131AA0B7AE76F8AB /* Pods-GameCatalogue.debug.xcconfig */;
			buildSettings = {
				ASSETCATALOG_COMPILER_APPICON_NAME = AppIcon;
				ASSETCATALOG_COMPILER_GLOBAL_ACCENT_COLOR_NAME = AccentColor;
				CODE_SIGN_STYLE = Automatic;
				DEVELOPMENT_ASSET_PATHS = "\"GameCatalogue/Preview Content\"";
				DEVELOPMENT_TEAM = PH4M8U772M;
				ENABLE_PREVIEWS = YES;
				INFOPLIST_FILE = GameCatalogue/SuportingFiles/Info.plist;
				IPHONEOS_DEPLOYMENT_TARGET = 14.0;
				LD_RUNPATH_SEARCH_PATHS = (
					"$(inherited)",
					"@executable_path/Frameworks",
				);
				PRODUCT_BUNDLE_IDENTIFIER = id.RrDev.GameCatalogue;
				PRODUCT_NAME = "$(TARGET_NAME)";
				SWIFT_VERSION = 5.0;
				TARGETED_DEVICE_FAMILY = "1,2";
			};
			name = Debug;
		};
		84F732BF26EAFD98009AC8B4 /* Release */ = {
			isa = XCBuildConfiguration;
			baseConfigurationReference = C8272C67D50108B48368D17F /* Pods-GameCatalogue.release.xcconfig */;
			buildSettings = {
				ASSETCATALOG_COMPILER_APPICON_NAME = AppIcon;
				ASSETCATALOG_COMPILER_GLOBAL_ACCENT_COLOR_NAME = AccentColor;
				CODE_SIGN_STYLE = Automatic;
				DEVELOPMENT_ASSET_PATHS = "\"GameCatalogue/Preview Content\"";
				DEVELOPMENT_TEAM = PH4M8U772M;
				ENABLE_PREVIEWS = YES;
				INFOPLIST_FILE = GameCatalogue/SuportingFiles/Info.plist;
				IPHONEOS_DEPLOYMENT_TARGET = 14.0;
				LD_RUNPATH_SEARCH_PATHS = (
					"$(inherited)",
					"@executable_path/Frameworks",
				);
				PRODUCT_BUNDLE_IDENTIFIER = id.RrDev.GameCatalogue;
				PRODUCT_NAME = "$(TARGET_NAME)";
				SWIFT_VERSION = 5.0;
				TARGETED_DEVICE_FAMILY = "1,2";
			};
			name = Release;
		};
/* End XCBuildConfiguration section */

/* Begin XCConfigurationList section */
		84F732A926EAFD95009AC8B4 /* Build configuration list for PBXProject "GameCatalogue" */ = {
			isa = XCConfigurationList;
			buildConfigurations = (
				84F732BB26EAFD98009AC8B4 /* Debug */,
				84F732BC26EAFD98009AC8B4 /* Release */,
			);
			defaultConfigurationIsVisible = 0;
			defaultConfigurationName = Release;
		};
		84F732BD26EAFD98009AC8B4 /* Build configuration list for PBXNativeTarget "GameCatalogue" */ = {
			isa = XCConfigurationList;
			buildConfigurations = (
				84F732BE26EAFD98009AC8B4 /* Debug */,
				84F732BF26EAFD98009AC8B4 /* Release */,
			);
			defaultConfigurationIsVisible = 0;
			defaultConfigurationName = Release;
		};
/* End XCConfigurationList section */

/* Begin XCVersionGroup section */
		844EFE5C26EE17C2005E1A7A /* Favorite.xcdatamodeld */ = {
			isa = XCVersionGroup;
			children = (
				844EFE5D26EE17C2005E1A7A /* Favorite.xcdatamodel */,
			);
			currentVersion = 844EFE5D26EE17C2005E1A7A /* Favorite.xcdatamodel */;
			path = Favorite.xcdatamodeld;
			sourceTree = "<group>";
			versionGroupType = wrapper.xcdatamodel;
		};
/* End XCVersionGroup section */
	};
	rootObject = 84F732A626EAFD95009AC8B4 /* Project object */;
}
